{
    "_readme": [
        "This file locks the dependencies of your project to a known state",
        "Read more about it at https://getcomposer.org/doc/01-basic-usage.md#installing-dependencies",
        "This file is @generated automatically"
    ],
    "content-hash": "76a706129b7eca57ee694148ab78ec5d",
    "packages": [
        {
            "name": "akeeba/s3",
            "version": "master",
            "source": {
                "type": "git",
                "url": "https://github.com/akeeba/s3",
                "reference": "master"
            },
            "type": "library",
            "time": "2019-08-06T06:37:39+00:00"
        }
    ],
    "packages-dev": [],
    "aliases": [],
    "minimum-stability": "stable",
    "stability-flags": {
        "akeeba/s3": 20
    },
    "prefer-stable": false,
    "prefer-lowest": false,
    "platform": [],
    "platform-dev": []
}
