{
    "_readme": [
        "This file locks the dependencies of your project to a known state",
        "Read more about it at https://getcomposer.org/doc/01-basic-usage.md#installing-dependencies",
        "This file is @generated automatically"
    ],
    "content-hash": "ac9c1268b627fe16922ad7e1fddd619f",
    "packages": [],
    "packages-dev": [],
    "aliases": [],
    "minimum-stability": "stable",
    "stability-flags": {},
    "prefer-stable": false,
    "prefer-lowest": false,
    "platform": {
        "php": ">=8.1.0 <8.7",
        "ext-json": "*",
        "ext-simplexml": "*"
    },
    "platform-dev": {},
    "platform-overrides": {
        "php": "8.1.999"
    },
    "plugin-api-version": "2.9.0"
}
